// !$*UTF8*$!
{
	archiveVersion = 1;
	classes = {
	};
	objectVersion = 46;
	objects = {

/* Begin PBXBuildFile section */
		752DC1E71A8D031300BEB080 /* main.m in Sources */ = {isa = PBXBuildFile; fileRef = 752DC1E61A8D031300BEB080 /* main.m */; };
		7573C3F71A96557800BC8744 /* Device.m in Sources */ = {isa = PBXBuildFile; fileRef = 7573C3F61A96557800BC8744 /* Device.m */; };
		7573C3FA1A96565A00BC8744 /* Navigation.m in Sources */ = {isa = PBXBuildFile; fileRef = 7573C3F91A96565A00BC8744 /* Navigation.m */; };
		7573C4001A96568900BC8744 /* Search.m in Sources */ = {isa = PBXBuildFile; fileRef = 7573C3FF1A96568900BC8744 /* Search.m */; };
		75EBADD01A8E75CE008A6034 /* User.m in Sources */ = {isa = PBXBuildFile; fileRef = 75EBADCF1A8E75CE008A6034 /* User.m */; };
		75EBADD31A8E7A1E008A6034 /* Social.m in Sources */ = {isa = PBXBuildFile; fileRef = 75EBADD21A8E7A1E008A6034 /* Social.m */; };
		75EBADD61A8E7D46008A6034 /* Map.m in Sources */ = {isa = PBXBuildFile; fileRef = 75EBADD51A8E7D46008A6034 /* Map.m */; };
/* End PBXBuildFile section */

/* Begin PBXCopyFilesBuildPhase section */
		752DC1E11A8D031300BEB080 /* CopyFiles */ = {
			isa = PBXCopyFilesBuildPhase;
			buildActionMask = 2147483647;
			dstPath = /usr/share/man/man1/;
			dstSubfolderSpec = 0;
			files = (
			);
			runOnlyForDeploymentPostprocessing = 1;
		};
/* End PBXCopyFilesBuildPhase section */

/* Begin PBXFileReference section */
		752DC1E31A8D031300BEB080 /* ObjC */ = {isa = PBXFileReference; explicitFileType = "compiled.mach-o.executable"; includeInIndex = 0; path = ObjC; sourceTree = BUILT_PRODUCTS_DIR; };
		752DC1E61A8D031300BEB080 /* main.m */ = {isa = PBXFileReference; lastKnownFileType = sourcecode.c.objc; path = main.m; sourceTree = "<group>"; };
		7573C3F51A96557800BC8744 /* Device.h */ = {isa = PBXFileReference; fileEncoding = 4; lastKnownFileType = sourcecode.c.h; path = Device.h; sourceTree = "<group>"; };
		7573C3F61A96557800BC8744 /* Device.m */ = {isa = PBXFileReference; fileEncoding = 4; lastKnownFileType = sourcecode.c.objc; path = Device.m; sourceTree = "<group>"; };
		7573C3F81A96565A00BC8744 /* Navigation.h */ = {isa = PBXFileReference; fileEncoding = 4; lastKnownFileType = sourcecode.c.h; path = Navigation.h; sourceTree = "<group>"; };
		7573C3F91A96565A00BC8744 /* Navigation.m */ = {isa = PBXFileReference; fileEncoding = 4; lastKnownFileType = sourcecode.c.objc; path = Navigation.m; sourceTree = "<group>"; };
		7573C3FE1A96568900BC8744 /* Search.h */ = {isa = PBXFileReference; fileEncoding = 4; lastKnownFileType = sourcecode.c.h; name = Search.h; path = ../Search.h; sourceTree = "<group>"; };
		7573C3FF1A96568900BC8744 /* Search.m */ = {isa = PBXFileReference; fileEncoding = 4; lastKnownFileType = sourcecode.c.objc; name = Search.m; path = ../Search.m; sourceTree = "<group>"; };
		75EBADCE1A8E75CE008A6034 /* User.h */ = {isa = PBXFileReference; fileEncoding = 4; lastKnownFileType = sourcecode.c.h; path = User.h; sourceTree = "<group>"; };
		75EBADCF1A8E75CE008A6034 /* User.m */ = {isa = PBXFileReference; fileEncoding = 4; lastKnownFileType = sourcecode.c.objc; path = User.m; sourceTree = "<group>"; };
		75EBADD11A8E7A1E008A6034 /* Social.h */ = {isa = PBXFileReference; fileEncoding = 4; lastKnownFileType = sourcecode.c.h; path = Social.h; sourceTree = "<group>"; };
		75EBADD21A8E7A1E008A6034 /* Social.m */ = {isa = PBXFileReference; fileEncoding = 4; lastKnownFileType = sourcecode.c.objc; path = Social.m; sourceTree = "<group>"; };
		75EBADD41A8E7D46008A6034 /* Map.h */ = {isa = PBXFileReference; fileEncoding = 4; lastKnownFileType = sourcecode.c.h; name = Map.h; path = ../Map.h; sourceTree = "<group>"; };
		75EBADD51A8E7D46008A6034 /* Map.m */ = {isa = PBXFileReference; fileEncoding = 4; lastKnownFileType = sourcecode.c.objc; name = Map.m; path = ../Map.m; sourceTree = "<group>"; };
/* End PBXFileReference section */

/* Begin PBXFrameworksBuildPhase section */
		752DC1E01A8D031300BEB080 /* Frameworks */ = {
			isa = PBXFrameworksBuildPhase;
			buildActionMask = 2147483647;
			files = (
			);
			runOnlyForDeploymentPostprocessing = 0;
		};
/* End PBXFrameworksBuildPhase section */

/* Begin PBXGroup section */
		752DC1DA1A8D031200BEB080 = {
			isa = PBXGroup;
			children = (
				752DC1E51A8D031300BEB080 /* ObjC */,
				752DC1E41A8D031300BEB080 /* Products */,
			);
			sourceTree = "<group>";
		};
		752DC1E41A8D031300BEB080 /* Products */ = {
			isa = PBXGroup;
			children = (
				752DC1E31A8D031300BEB080 /* ObjC */,
			);
			name = Products;
			sourceTree = "<group>";
		};
		752DC1E51A8D031300BEB080 /* ObjC */ = {
			isa = PBXGroup;
			children = (
				7573C3FE1A96568900BC8744 /* Search.h */,
				7573C3FF1A96568900BC8744 /* Search.m */,
				75EBADD41A8E7D46008A6034 /* Map.h */,
				75EBADD51A8E7D46008A6034 /* Map.m */,
				752DC1E61A8D031300BEB080 /* main.m */,
				75EBADCE1A8E75CE008A6034 /* User.h */,
				75EBADCF1A8E75CE008A6034 /* User.m */,
				75EBADD11A8E7A1E008A6034 /* Social.h */,
				75EBADD21A8E7A1E008A6034 /* Social.m */,
				7573C3F51A96557800BC8744 /* Device.h */,
				7573C3F61A96557800BC8744 /* Device.m */,
				7573C3F81A96565A00BC8744 /* Navigation.h */,
				7573C3F91A96565A00BC8744 /* Navigation.m */,
			);
			path = ObjC;
			sourceTree = "<group>";
		};
/* End PBXGroup section */

/* Begin PBXNativeTarget section */
		752DC1E21A8D031300BEB080 /* ObjC */ = {
			isa = PBXNativeTarget;
			buildConfigurationList = 752DC1EA1A8D031300BEB080 /* Build configuration list for PBXNativeTarget "ObjC" */;
			buildPhases = (
				752DC1DF1A8D031300BEB080 /* Sources */,
				752DC1E01A8D031300BEB080 /* Frameworks */,
				752DC1E11A8D031300BEB080 /* CopyFiles */,
			);
			buildRules = (
			);
			dependencies = (
			);
			name = ObjC;
			productName = ObjC;
			productReference = 752DC1E31A8D031300BEB080 /* ObjC */;
			productType = "com.apple.product-type.tool";
		};
/* End PBXNativeTarget section */

/* Begin PBXProject section */
		752DC1DB1A8D031200BEB080 /* Project object */ = {
			isa = PBXProject;
			attributes = {
				LastUpgradeCheck = 0610;
				ORGANIZATIONNAME = CFerreira;
				TargetAttributes = {
					752DC1E21A8D031300BEB080 = {
						CreatedOnToolsVersion = 6.1.1;
					};
				};
			};
			buildConfigurationList = 752DC1DE1A8D031200BEB080 /* Build configuration list for PBXProject "ObjC" */;
			compatibilityVersion = "Xcode 3.2";
			developmentRegion = English;
			hasScannedForEncodings = 0;
			knownRegions = (
				en,
			);
			mainGroup = 752DC1DA1A8D031200BEB080;
			productRefGroup = 752DC1E41A8D031300BEB080 /* Products */;
			projectDirPath = "";
			projectRoot = "";
			targets = (
				752DC1E21A8D031300BEB080 /* ObjC */,
			);
		};
/* End PBXProject section */

/* Begin PBXSourcesBuildPhase section */
		752DC1DF1A8D031300BEB080 /* Sources */ = {
			isa = PBXSourcesBuildPhase;
			buildActionMask = 2147483647;
			files = (
				75EBADD31A8E7A1E008A6034 /* Social.m in Sources */,
				75EBADD01A8E75CE008A6034 /* User.m in Sources */,
				7573C3FA1A96565A00BC8744 /* Navigation.m in Sources */,
				7573C3F71A96557800BC8744 /* Device.m in Sources */,
				75EBADD61A8E7D46008A6034 /* Map.m in Sources */,
				752DC1E71A8D031300BEB080 /* main.m in Sources */,
				7573C4001A96568900BC8744 /* Search.m in Sources */,
			);
			runOnlyForDeploymentPostprocessing = 0;
		};
/* End PBXSourcesBuildPhase section */

/* Begin XCBuildConfiguration section */
		752DC1E81A8D031300BEB080 /* Debug */ = {
			isa = XCBuildConfiguration;
			buildSettings = {
				ALWAYS_SEARCH_USER_PATHS = NO;
				CLANG_CXX_LANGUAGE_STANDARD = "gnu++0x";
				CLANG_CXX_LIBRARY = "libc++";
				CLANG_ENABLE_MODULES = YES;
				CLANG_ENABLE_OBJC_ARC = YES;
				CLANG_WARN_BOOL_CONVERSION = YES;
				CLANG_WARN_CONSTANT_CONVERSION = YES;
				CLANG_WARN_DIRECT_OBJC_ISA_USAGE = YES_ERROR;
				CLANG_WARN_EMPTY_BODY = YES;
				CLANG_WARN_ENUM_CONVERSION = YES;
				CLANG_WARN_INT_CONVERSION = YES;
				CLANG_WARN_OBJC_ROOT_CLASS = YES_ERROR;
				CLANG_WARN_UNREACHABLE_CODE = YES;
				CLANG_WARN__DUPLICATE_METHOD_MATCH = YES;
				COPY_PHASE_STRIP = NO;
				ENABLE_STRICT_OBJC_MSGSEND = YES;
				GCC_C_LANGUAGE_STANDARD = gnu99;
				GCC_DYNAMIC_NO_PIC = NO;
				GCC_OPTIMIZATION_LEVEL = 0;
				GCC_PREPROCESSOR_DEFINITIONS = (
					"DEBUG=1",
					"$(inherited)",
				);
				GCC_SYMBOLS_PRIVATE_EXTERN = NO;
				GCC_WARN_64_TO_32_BIT_CONVERSION = YES;
				GCC_WARN_ABOUT_RETURN_TYPE = YES_ERROR;
				GCC_WARN_UNDECLARED_SELECTOR = YES;
				GCC_WARN_UNINITIALIZED_AUTOS = YES_AGGRESSIVE;
				GCC_WARN_UNUSED_FUNCTION = YES;
				GCC_WARN_UNUSED_VARIABLE = YES;
				MACOSX_DEPLOYMENT_TARGET = 10.10;
				MTL_ENABLE_DEBUG_INFO = YES;
				ONLY_ACTIVE_ARCH = YES;
				SDKROOT = macosx;
			};
			name = Debug;
		};
		752DC1E91A8D031300BEB080 /* Release */ = {
			isa = XCBuildConfiguration;
			buildSettings = {
				ALWAYS_SEARCH_USER_PATHS = NO;
				CLANG_CXX_LANGUAGE_STANDARD = "gnu++0x";
				CLANG_CXX_LIBRARY = "libc++";
				CLANG_ENABLE_MODULES = YES;
				CLANG_ENABLE_OBJC_ARC = YES;
				CLANG_WARN_BOOL_CONVERSION = YES;
				CLANG_WARN_CONSTANT_CONVERSION = YES;
				CLANG_WARN_DIRECT_OBJC_ISA_USAGE = YES_ERROR;
				CLANG_WARN_EMPTY_BODY = YES;
				CLANG_WARN_ENUM_CONVERSION = YES;
				CLANG_WARN_INT_CONVERSION = YES;
				CLANG_WARN_OBJC_ROOT_CLASS = YES_ERROR;
				CLANG_WARN_UNREACHABLE_CODE = YES;
				CLANG_WARN__DUPLICATE_METHOD_MATCH = YES;
				COPY_PHASE_STRIP = YES;
				DEBUG_INFORMATION_FORMAT = "dwarf-with-dsym";
				ENABLE_NS_ASSERTIONS = NO;
				ENABLE_STRICT_OBJC_MSGSEND = YES;
				GCC_C_LANGUAGE_STANDARD = gnu99;
				GCC_WARN_64_TO_32_BIT_CONVERSION = YES;
				GCC_WARN_ABOUT_RETURN_TYPE = YES_ERROR;
				GCC_WARN_UNDECLARED_SELECTOR = YES;
				GCC_WARN_UNINITIALIZED_AUTOS = YES_AGGRESSIVE;
				GCC_WARN_UNUSED_FUNCTION = YES;
				GCC_WARN_UNUSED_VARIABLE = YES;
				MACOSX_DEPLOYMENT_TARGET = 10.10;
				MTL_ENABLE_DEBUG_INFO = NO;
				SDKROOT = macosx;
			};
			name = Release;
		};
		752DC1EB1A8D031300BEB080 /* Debug */ = {
			isa = XCBuildConfiguration;
			buildSettings = {
				PRODUCT_NAME = "$(TARGET_NAME)";
			};
			name = Debug;
		};
		752DC1EC1A8D031300BEB080 /* Release */ = {
			isa = XCBuildConfiguration;
			buildSettings = {
				PRODUCT_NAME = "$(TARGET_NAME)";
			};
			name = Release;
		};
/* End XCBuildConfiguration section */

/* Begin XCConfigurationList section */
		752DC1DE1A8D031200BEB080 /* Build configuration list for PBXProject "ObjC" */ = {
			isa = XCConfigurationList;
			buildConfigurations = (
				752DC1E81A8D031300BEB080 /* Debug */,
				752DC1E91A8D031300BEB080 /* Release */,
			);
			defaultConfigurationIsVisible = 0;
			defaultConfigurationName = Release;
		};
		752DC1EA1A8D031300BEB080 /* Build configuration list for PBXNativeTarget "ObjC" */ = {
			isa = XCConfigurationList;
			buildConfigurations = (
				752DC1EB1A8D031300BEB080 /* Debug */,
				752DC1EC1A8D031300BEB080 /* Release */,
			);
			defaultConfigurationIsVisible = 0;
			defaultConfigurationName = Release;
		};
/* End XCConfigurationList section */
	};
	rootObject = 752DC1DB1A8D031200BEB080 /* Project object */;
}
